
Microsoft Visual Studio Solution File, Format Version 12.00
# Visual Studio Version 16
VisualStudioVersion = 16.0.29509.3
MinimumVisualStudioVersion = 10.0.40219.1
Project("{FAE04EC0-301F-11D3-BF4B-00C04F79EFBC}") = "ToDoItems", "ToDoItems.csproj", "{6264D0E4-B9F0-4F2C-8A89-042CFA98DA7C}"
EndProject
Global
	GlobalSection(SolutionConfigurationPlatforms) = preSolution
		Debug|Any CPU = Debug|Any CPU
		Release|Any CPU = Release|Any CPU
	EndGlobalSection
	GlobalSection(ProjectConfigurationPlatforms) = postSolution
		{6264D0E4-B9F0-4F2C-8A89-042CFA98DA7C}.Debug|Any CPU.ActiveCfg = Debug|Any CPU
		{6264D0E4-B9F0-4F2C-8A89-042CFA98DA7C}.Debug|Any CPU.Build.0 = Debug|Any CPU
		{6264D0E4-B9F0-4F2C-8A89-042CFA98DA7C}.Release|Any CPU.ActiveCfg = Release|Any CPU
		{6264D0E4-B9F0-4F2C-8A89-042CFA98DA7C}.Release|Any CPU.Build.0 = Release|Any CPU
	EndGlobalSection
	GlobalSection(SolutionProperties) = preSolution
		HideSolutionNode = FALSE
	EndGlobalSection
	GlobalSection(ExtensibilityGlobals) = postSolution
		SolutionGuid = {39BFDF2C-5133-4EE5-8EFA-426F3104F74B}
	EndGlobalSection
EndGlobal
