
Microsoft Visual Studio Solution File, Format Version 12.00
# Visual Studio Version 16
VisualStudioVersion = 16.0.29409.12
MinimumVisualStudioVersion = 10.0.40219.1
Project("{FAE04EC0-301F-11D3-BF4B-00C04F79EFBC}") = "ManyMethods", "ManyMethods\ManyMethods.csproj", "{90438DA1-9231-4474-85F2-5E7B6A652017}"
EndProject
Global
	GlobalSection(SolutionConfigurationPlatforms) = preSolution
		Debug|Any CPU = Debug|Any CPU
		Release|Any CPU = Release|Any CPU
	EndGlobalSection
	GlobalSection(ProjectConfigurationPlatforms) = postSolution
		{90438DA1-9231-4474-85F2-5E7B6A652017}.Debug|Any CPU.ActiveCfg = Debug|Any CPU
		{90438DA1-9231-4474-85F2-5E7B6A652017}.Debug|Any CPU.Build.0 = Debug|Any CPU
		{90438DA1-9231-4474-85F2-5E7B6A652017}.Release|Any CPU.ActiveCfg = Release|Any CPU
		{90438DA1-9231-4474-85F2-5E7B6A652017}.Release|Any CPU.Build.0 = Release|Any CPU
	EndGlobalSection
	GlobalSection(SolutionProperties) = preSolution
		HideSolutionNode = FALSE
	EndGlobalSection
	GlobalSection(ExtensibilityGlobals) = postSolution
		SolutionGuid = {4B34245D-E6E7-437A-9607-2BBDAF8FFE76}
	EndGlobalSection
EndGlobal
