
Microsoft Visual Studio Solution File, Format Version 12.00
# Visual Studio Version 16
VisualStudioVersion = 16.0.29509.3
MinimumVisualStudioVersion = 10.0.40219.1
Project("{FAE04EC0-301F-11D3-BF4B-00C04F79EFBC}") = "SuperHeros", "SuperHeros.csproj", "{6DACE4F9-EF10-4324-91A9-78516FF775D0}"
EndProject
Global
	GlobalSection(SolutionConfigurationPlatforms) = preSolution
		Debug|Any CPU = Debug|Any CPU
		Release|Any CPU = Release|Any CPU
	EndGlobalSection
	GlobalSection(ProjectConfigurationPlatforms) = postSolution
		{6DACE4F9-EF10-4324-91A9-78516FF775D0}.Debug|Any CPU.ActiveCfg = Debug|Any CPU
		{6DACE4F9-EF10-4324-91A9-78516FF775D0}.Debug|Any CPU.Build.0 = Debug|Any CPU
		{6DACE4F9-EF10-4324-91A9-78516FF775D0}.Release|Any CPU.ActiveCfg = Release|Any CPU
		{6DACE4F9-EF10-4324-91A9-78516FF775D0}.Release|Any CPU.Build.0 = Release|Any CPU
	EndGlobalSection
	GlobalSection(SolutionProperties) = preSolution
		HideSolutionNode = FALSE
	EndGlobalSection
	GlobalSection(ExtensibilityGlobals) = postSolution
		SolutionGuid = {043B6BA0-C2D8-4946-80B0-F994E3900AAE}
	EndGlobalSection
EndGlobal
