
Microsoft Visual Studio Solution File, Format Version 12.00
# Visual Studio Version 16
VisualStudioVersion = 16.0.29509.3
MinimumVisualStudioVersion = 10.0.40219.1
Project("{FAE04EC0-301F-11D3-BF4B-00C04F79EFBC}") = "BooksDatabase", "BooksDatabase.csproj", "{DB8D48F6-196C-41BB-997C-7AD1863351DC}"
EndProject
Global
	GlobalSection(SolutionConfigurationPlatforms) = preSolution
		Debug|Any CPU = Debug|Any CPU
		Release|Any CPU = Release|Any CPU
	EndGlobalSection
	GlobalSection(ProjectConfigurationPlatforms) = postSolution
		{DB8D48F6-196C-41BB-997C-7AD1863351DC}.Debug|Any CPU.ActiveCfg = Debug|Any CPU
		{DB8D48F6-196C-41BB-997C-7AD1863351DC}.Debug|Any CPU.Build.0 = Debug|Any CPU
		{DB8D48F6-196C-41BB-997C-7AD1863351DC}.Release|Any CPU.ActiveCfg = Release|Any CPU
		{DB8D48F6-196C-41BB-997C-7AD1863351DC}.Release|Any CPU.Build.0 = Release|Any CPU
	EndGlobalSection
	GlobalSection(SolutionProperties) = preSolution
		HideSolutionNode = FALSE
	EndGlobalSection
	GlobalSection(ExtensibilityGlobals) = postSolution
		SolutionGuid = {338304C3-453D-4625-8E78-D29F09FE2482}
	EndGlobalSection
EndGlobal
